
Microsoft Visual Studio Solution File, Format Version 12.00
# Visual Studio Version 16
VisualStudioVersion = 16.0.31424.327
MinimumVisualStudioVersion = 10.0.40219.1
Project("{FAE04EC0-301F-11D3-BF4B-00C04F79EFBC}") = "WinForm", "WinForm\WinForm.csproj", "{950B0330-1A50-4CF1-B2D2-9043A325CEF1}"
EndProject
Project("{FAE04EC0-301F-11D3-BF4B-00C04F79EFBC}") = "ActivatorLib", "ActivatorLib\ActivatorLib.csproj", "{78098B71-AE6F-4662-9958-442681D4AA7E}"
EndProject
Project("{FAE04EC0-301F-11D3-BF4B-00C04F79EFBC}") = "Hash", "..\Hash\Hash\Hash.csproj", "{D895BF65-791F-4D90-BEDA-9B8ABFFCD2F1}"
EndProject
Project("{FAE04EC0-301F-11D3-BF4B-00C04F79EFBC}") = "Archivation", "..\Archvation\Archivation.csproj", "{D7721C72-9D3E-47B0-AD1D-858A14225425}"
EndProject
Global
	GlobalSection(SolutionConfigurationPlatforms) = preSolution
		Debug|Any CPU = Debug|Any CPU
		Release|Any CPU = Release|Any CPU
	EndGlobalSection
	GlobalSection(ProjectConfigurationPlatforms) = postSolution
		{950B0330-1A50-4CF1-B2D2-9043A325CEF1}.Debug|Any CPU.ActiveCfg = Debug|Any CPU
		{950B0330-1A50-4CF1-B2D2-9043A325CEF1}.Debug|Any CPU.Build.0 = Debug|Any CPU
		{950B0330-1A50-4CF1-B2D2-9043A325CEF1}.Release|Any CPU.ActiveCfg = Release|Any CPU
		{950B0330-1A50-4CF1-B2D2-9043A325CEF1}.Release|Any CPU.Build.0 = Release|Any CPU
		{78098B71-AE6F-4662-9958-442681D4AA7E}.Debug|Any CPU.ActiveCfg = Debug|Any CPU
		{78098B71-AE6F-4662-9958-442681D4AA7E}.Debug|Any CPU.Build.0 = Debug|Any CPU
		{78098B71-AE6F-4662-9958-442681D4AA7E}.Release|Any CPU.ActiveCfg = Release|Any CPU
		{78098B71-AE6F-4662-9958-442681D4AA7E}.Release|Any CPU.Build.0 = Release|Any CPU
		{D895BF65-791F-4D90-BEDA-9B8ABFFCD2F1}.Debug|Any CPU.ActiveCfg = Debug|Any CPU
		{D895BF65-791F-4D90-BEDA-9B8ABFFCD2F1}.Debug|Any CPU.Build.0 = Debug|Any CPU
		{D895BF65-791F-4D90-BEDA-9B8ABFFCD2F1}.Release|Any CPU.ActiveCfg = Release|Any CPU
		{D895BF65-791F-4D90-BEDA-9B8ABFFCD2F1}.Release|Any CPU.Build.0 = Release|Any CPU
		{D7721C72-9D3E-47B0-AD1D-858A14225425}.Debug|Any CPU.ActiveCfg = Debug|Any CPU
		{D7721C72-9D3E-47B0-AD1D-858A14225425}.Debug|Any CPU.Build.0 = Debug|Any CPU
		{D7721C72-9D3E-47B0-AD1D-858A14225425}.Release|Any CPU.ActiveCfg = Release|Any CPU
		{D7721C72-9D3E-47B0-AD1D-858A14225425}.Release|Any CPU.Build.0 = Release|Any CPU
	EndGlobalSection
	GlobalSection(SolutionProperties) = preSolution
		HideSolutionNode = FALSE
	EndGlobalSection
	GlobalSection(ExtensibilityGlobals) = postSolution
		SolutionGuid = {C348B1C8-B225-4BC4-ACF1-41B862366175}
	EndGlobalSection
EndGlobal
